
Microsoft Visual Studio Solution File, Format Version 12.00
# Visual Studio Version 16
VisualStudioVersion = 16.0.31727.386
MinimumVisualStudioVersion = 10.0.40219.1
Project("{9A19103F-16F7-4668-BE54-9A1E7A4F7556}") = "mvvmtest", "mvvmtest\mvvmtest.csproj", "{BAA6AFBF-ACFB-49C7-ACA6-D2A41593A03A}"
EndProject
Project("{9A19103F-16F7-4668-BE54-9A1E7A4F7556}") = "WpfApp1", "WpfApp1\WpfApp1.csproj", "{5960B393-1448-4D98-B0A2-364A08DAC985}"
EndProject
Project("{9A19103F-16F7-4668-BE54-9A1E7A4F7556}") = "ioctest", "ioctest\ioctest.csproj", "{D29200B5-09ED-4725-9558-8CE6CCA92B1D}"
EndProject
Project("{FAE04EC0-301F-11D3-BF4B-00C04F79EFBC}") = "ConsoleApp1", "ConsoleApp1\ConsoleApp1.csproj", "{5DD16924-1FF4-4D3E-95F7-50A8EBEB9612}"
EndProject
Project("{FAE04EC0-301F-11D3-BF4B-00C04F79EFBC}") = "Example", "Example\Example.csproj", "{2FE4979B-FBB2-4F76-AAA6-54626AD39C67}"
EndProject
Global
	GlobalSection(SolutionConfigurationPlatforms) = preSolution
		Debug|Any CPU = Debug|Any CPU
		Release|Any CPU = Release|Any CPU
	EndGlobalSection
	GlobalSection(ProjectConfigurationPlatforms) = postSolution
		{BAA6AFBF-ACFB-49C7-ACA6-D2A41593A03A}.Debug|Any CPU.ActiveCfg = Debug|Any CPU
		{BAA6AFBF-ACFB-49C7-ACA6-D2A41593A03A}.Debug|Any CPU.Build.0 = Debug|Any CPU
		{BAA6AFBF-ACFB-49C7-ACA6-D2A41593A03A}.Release|Any CPU.ActiveCfg = Release|Any CPU
		{BAA6AFBF-ACFB-49C7-ACA6-D2A41593A03A}.Release|Any CPU.Build.0 = Release|Any CPU
		{5960B393-1448-4D98-B0A2-364A08DAC985}.Debug|Any CPU.ActiveCfg = Debug|Any CPU
		{5960B393-1448-4D98-B0A2-364A08DAC985}.Debug|Any CPU.Build.0 = Debug|Any CPU
		{5960B393-1448-4D98-B0A2-364A08DAC985}.Release|Any CPU.ActiveCfg = Release|Any CPU
		{5960B393-1448-4D98-B0A2-364A08DAC985}.Release|Any CPU.Build.0 = Release|Any CPU
		{D29200B5-09ED-4725-9558-8CE6CCA92B1D}.Debug|Any CPU.ActiveCfg = Debug|Any CPU
		{D29200B5-09ED-4725-9558-8CE6CCA92B1D}.Debug|Any CPU.Build.0 = Debug|Any CPU
		{D29200B5-09ED-4725-9558-8CE6CCA92B1D}.Release|Any CPU.ActiveCfg = Release|Any CPU
		{D29200B5-09ED-4725-9558-8CE6CCA92B1D}.Release|Any CPU.Build.0 = Release|Any CPU
		{5DD16924-1FF4-4D3E-95F7-50A8EBEB9612}.Debug|Any CPU.ActiveCfg = Debug|Any CPU
		{5DD16924-1FF4-4D3E-95F7-50A8EBEB9612}.Debug|Any CPU.Build.0 = Debug|Any CPU
		{5DD16924-1FF4-4D3E-95F7-50A8EBEB9612}.Release|Any CPU.ActiveCfg = Release|Any CPU
		{5DD16924-1FF4-4D3E-95F7-50A8EBEB9612}.Release|Any CPU.Build.0 = Release|Any CPU
		{2FE4979B-FBB2-4F76-AAA6-54626AD39C67}.Debug|Any CPU.ActiveCfg = Debug|Any CPU
		{2FE4979B-FBB2-4F76-AAA6-54626AD39C67}.Debug|Any CPU.Build.0 = Debug|Any CPU
		{2FE4979B-FBB2-4F76-AAA6-54626AD39C67}.Release|Any CPU.ActiveCfg = Release|Any CPU
		{2FE4979B-FBB2-4F76-AAA6-54626AD39C67}.Release|Any CPU.Build.0 = Release|Any CPU
	EndGlobalSection
	GlobalSection(SolutionProperties) = preSolution
		HideSolutionNode = FALSE
	EndGlobalSection
	GlobalSection(ExtensibilityGlobals) = postSolution
		SolutionGuid = {9EAF10E6-138C-46FA-8A3B-AFCF825BCFA2}
	EndGlobalSection
EndGlobal
